
Microsoft Visual Studio Solution File, Format Version 12.00
# Visual Studio Version 16
VisualStudioVersion = 16.0.30804.86
MinimumVisualStudioVersion = 10.0.40219.1
Project("{FAE04EC0-301F-11D3-BF4B-00C04F79EFBC}") = "lab6-csh", "lab6-csh\lab6-csh.csproj", "{FF9E2D74-0463-43E4-AD24-D4B49946614B}"
EndProject
Global
	GlobalSection(SolutionConfigurationPlatforms) = preSolution
		Debug|Any CPU = Debug|Any CPU
		Release|Any CPU = Release|Any CPU
	EndGlobalSection
	GlobalSection(ProjectConfigurationPlatforms) = postSolution
		{FF9E2D74-0463-43E4-AD24-D4B49946614B}.Debug|Any CPU.ActiveCfg = Debug|Any CPU
		{FF9E2D74-0463-43E4-AD24-D4B49946614B}.Debug|Any CPU.Build.0 = Debug|Any CPU
		{FF9E2D74-0463-43E4-AD24-D4B49946614B}.Release|Any CPU.ActiveCfg = Release|Any CPU
		{FF9E2D74-0463-43E4-AD24-D4B49946614B}.Release|Any CPU.Build.0 = Release|Any CPU
	EndGlobalSection
	GlobalSection(SolutionProperties) = preSolution
		HideSolutionNode = FALSE
	EndGlobalSection
	GlobalSection(ExtensibilityGlobals) = postSolution
		SolutionGuid = {ADBEF431-E4A8-4BD5-A40F-8419C6EF7472}
	EndGlobalSection
EndGlobal
